{
  "name": "now-wordpress",
  "version": "0.7.70",
  "lockfileVersion": 1,
  "requires": true,
  "dependencies": {
    "@fydy/php-fpm": {
      "version": "0.0.11",
      "resolved": "https://registry.npmjs.org/@fydy/php-fpm/-/php-fpm-0.0.11.tgz",
      "integrity": "sha512-/b2j5355KQn11s4UVx+rMvtX5mq80+ziO4KngwEK5JYnQK2mwHGxiuFbml/4oXmdULx5qJqY8moiK8KrLR/jqA==",
      "requires": {
        "@fydy/php-lib-73": "0.0.11",
        "fastcgi-client": "0.0.1"
      }
    },
    "@fydy/php-lib-73": {
      "version": "0.0.11",
      "resolved": "https://registry.npmjs.org/@fydy/php-lib-73/-/php-lib-73-0.0.11.tgz",
      "integrity": "sha512-2da2jgRqVdnA699qyGVWAkYSUH332vQxGqSnCIlxU3+sB3+CPRganAejmyX5puOEGtOMUfH1dVrsZDAc9PSs9g=="
    },
    "@juicyfx/php-fpm": {
      "version": "0.0.3",
      "resolved": "https://registry.npmjs.org/@juicyfx/php-fpm/-/php-fpm-0.0.3.tgz",
      "integrity": "sha512-OITRY3jtvfsvx+2z9sD2b0oDqRwYmkeCmNkE5FF8eGwqaves8o8/7iYK6JfzG8cZu+rTK2n1+TIgte3qjlaEzw==",
      "requires": {
        "@juicyfx/php-lib-73": "^0.0.3",
        "fastcgi-client": "0.0.1"
      }
    },
    "@juicyfx/php-lib-73": {
      "version": "0.0.3",
      "resolved": "https://registry.npmjs.org/@juicyfx/php-lib-73/-/php-lib-73-0.0.3.tgz",
      "integrity": "sha512-oc63cfN1ri2LgMe4cFgZUbBrOepIL0gVfoSt+LaCDsVERSXmKIh79Ph6mSfbQzf9k2syRlpkIpt6yROCXaEAiw=="
    },
    "buffer-crc32": {
      "version": "0.2.13",
      "resolved": "https://registry.npmjs.org/buffer-crc32/-/buffer-crc32-0.2.13.tgz",
      "integrity": "sha1-DTM+PwDqxQqhRUq9MO+MKl2ackI="
    },
    "fastcgi-client": {
      "version": "0.0.1",
      "resolved": "https://registry.npmjs.org/fastcgi-client/-/fastcgi-client-0.0.1.tgz",
      "integrity": "sha1-EEbUL/LO4qmsA/6gRpWz73MRhhw="
    },
    "fd-slicer": {
      "version": "1.1.0",
      "resolved": "https://registry.npmjs.org/fd-slicer/-/fd-slicer-1.1.0.tgz",
      "integrity": "sha1-JcfInLH5B3+IkbvmHY85Dq4lbx4=",
      "requires": {
        "pend": "~1.2.0"
      }
    },
    "node-fetch": {
      "version": "2.3.0",
      "resolved": "https://registry.npmjs.org/node-fetch/-/node-fetch-2.3.0.tgz",
      "integrity": "sha512-MOd8pV3fxENbryESLgVIeaGKrdl+uaYhCSSVkjeOb/31/njTpcis5aWfdqgNlHIrKOLRbMnfPINPOML2CIFeXA=="
    },
    "pend": {
      "version": "1.2.0",
      "resolved": "https://registry.npmjs.org/pend/-/pend-1.2.0.tgz",
      "integrity": "sha1-elfrVQpng/kRUzH89GY9XI4AelA="
    },
    "yauzl": {
      "version": "2.10.0",
      "resolved": "https://registry.npmjs.org/yauzl/-/yauzl-2.10.0.tgz",
      "integrity": "sha1-x+sXyT4RLLEIb6bY5R+wZnt5pfk=",
      "requires": {
        "buffer-crc32": "~0.2.3",
        "fd-slicer": "~1.1.0"
      }
    }
  }
}
